{
  "version": 4,
  "terraform_version": "1.6.5",
  "serial": 1,
  "lineage": "36c4b966-8015-6da5-45b3-00c23c8124ad",
  "outputs": {},
  "resources": [
    {
      "mode": "managed",
      "type": "local_file",
      "name": "hello",
      "provider": "provider[\"registry.terraform.io/hashicorp/local\"]",
      "instances": [
        {
          "schema_version": 0,
          "attributes": {
            "content": "Hello, World!\n",
            "content_base64": null,
            "content_base64sha256": "yYwktnfv9Ehgr+pvSTu67FuxxMuyCcb8K7tH9m/yrTE=",
            "content_base64sha512": "khYYvG2fgFlDfF4Dl7E/lzq3x6e4HwyjG3C/RI/YAKRgtn79oAIAiLyXv32dqXqeLOeyDUbgZkYuxEz2AoT5pw==",
            "content_md5": "bea8252ff4e80f41719ea13cdf007273",
            "content_sha1": "60fde9c2310b0d4cad4dab8d126b04387efba289",
            "content_sha256": "c98c24b677eff44860afea6f493bbaec5bb1c4cbb209c6fc2bbb47f66ff2ad31",
            "content_sha512": "921618bc6d9f8059437c5e0397b13f973ab7c7a7b81f0ca31b70bf448fd800a460b67efda0020088bc97bf7d9da97a9e2ce7b20d46e066462ec44cf60284f9a7",
            "directory_permission": "0777",
            "file_permission": "0777",
            "filename": "output.txt",
            "id": "60fde9c2310b0d4cad4dab8d126b04387efba289",
            "sensitive_content": null,
            "source": null
          },
          "sensitive_attributes": []
        }
      ]
    }
  ],
  "check_results": null
}
